// !$*UTF8*$!
{
	archiveVersion = 1;
	classes = {
	};
	objectVersion = 55;
	objects = {

/* Begin PBXBuildFile section */
		0C8511022A0156BF0025F92F /* LoginView.swift in Sources */ = {isa = PBXBuildFile; fileRef = 0C8511012A0156BF0025F92F /* LoginView.swift */; };
		0C8511042A0156DF0025F92F /* LoginViewModel.swift in Sources */ = {isa = PBXBuildFile; fileRef = 0C8511032A0156DF0025F92F /* LoginViewModel.swift */; };
		0C8511062A0156F20025F92F /* CustomButton.swift in Sources */ = {isa = PBXBuildFile; fileRef = 0C8511052A0156F20025F92F /* CustomButton.swift */; };
		0C8511082A01570E0025F92F /* PrimaryActionButton.swift in Sources */ = {isa = PBXBuildFile; fileRef = 0C8511072A01570E0025F92F /* PrimaryActionButton.swift */; };
		0C85110A2A01572B0025F92F /* ImageAssets.swift in Sources */ = {isa = PBXBuildFile; fileRef = 0C8511092A01572B0025F92F /* ImageAssets.swift */; };
		0C85110C2A01573B0025F92F /* Color+Extensions.swift in Sources */ = {isa = PBXBuildFile; fileRef = 0C85110B2A01573B0025F92F /* Color+Extensions.swift */; };
		0C85110E2A0159430025F92F /* LoginTests.swift in Sources */ = {isa = PBXBuildFile; fileRef = 0C85110D2A0159430025F92F /* LoginTests.swift */; };
		0C8511102A0161630025F92F /* ComicsListView.swift in Sources */ = {isa = PBXBuildFile; fileRef = 0C85110F2A0161630025F92F /* ComicsListView.swift */; };
		0C8511142A0161A90025F92F /* ComicsListViewModel.swift in Sources */ = {isa = PBXBuildFile; fileRef = 0C8511132A0161A90025F92F /* ComicsListViewModel.swift */; };
		0C8511162A0185920025F92F /* Comic.swift in Sources */ = {isa = PBXBuildFile; fileRef = 0C8511152A0185920025F92F /* Comic.swift */; };
		0CB6B5A32A014F1F0079C6B9 /* Assets.xcassets in Resources */ = {isa = PBXBuildFile; fileRef = 0CB6B5A22A014F1F0079C6B9 /* Assets.xcassets */; };
		0CB6B5A62A014F1F0079C6B9 /* Preview Assets.xcassets in Resources */ = {isa = PBXBuildFile; fileRef = 0CB6B5A52A014F1F0079C6B9 /* Preview Assets.xcassets */; };
		0CB6B5BA2A014F1F0079C6B9 /* MarvelAPIUITests.swift in Sources */ = {isa = PBXBuildFile; fileRef = 0CB6B5B92A014F1F0079C6B9 /* MarvelAPIUITests.swift */; };
		0CB6B5BC2A014F1F0079C6B9 /* MarvelAPIUITestsLaunchTests.swift in Sources */ = {isa = PBXBuildFile; fileRef = 0CB6B5BB2A014F1F0079C6B9 /* MarvelAPIUITestsLaunchTests.swift */; };
		0CB6B5C92A014FF30079C6B9 /* SceneDelegate.swift in Sources */ = {isa = PBXBuildFile; fileRef = 0CB6B5C82A014FF30079C6B9 /* SceneDelegate.swift */; };
		D3C8B731CAAE63B63EC4AB4B /* Pods_MarvelAPI.framework in Frameworks */ = {isa = PBXBuildFile; fileRef = 9855BD78FF2E1C674A2FFFA4 /* Pods_MarvelAPI.framework */; };
		F587DC29630909775975C3FD /* Pods_MarvelAPITests.framework in Frameworks */ = {isa = PBXBuildFile; fileRef = CDE3F3180BF4FEF0309A393F /* Pods_MarvelAPITests.framework */; };
		FB0F7FE1935F2566920F8283 /* Pods_MarvelAPI_MarvelAPIUITests.framework in Frameworks */ = {isa = PBXBuildFile; fileRef = EE7FEB05204DF87F7C46C343 /* Pods_MarvelAPI_MarvelAPIUITests.framework */; };
/* End PBXBuildFile section */

/* Begin PBXContainerItemProxy section */
		0CB6B5AC2A014F1F0079C6B9 /* PBXContainerItemProxy */ = {
			isa = PBXContainerItemProxy;
			containerPortal = 0CB6B5932A014F1D0079C6B9 /* Project object */;
			proxyType = 1;
			remoteGlobalIDString = 0CB6B59A2A014F1D0079C6B9;
			remoteInfo = MarvelAPI;
		};
		0CB6B5B62A014F1F0079C6B9 /* PBXContainerItemProxy */ = {
			isa = PBXContainerItemProxy;
			containerPortal = 0CB6B5932A014F1D0079C6B9 /* Project object */;
			proxyType = 1;
			remoteGlobalIDString = 0CB6B59A2A014F1D0079C6B9;
			remoteInfo = MarvelAPI;
		};
/* End PBXContainerItemProxy section */

/* Begin PBXFileReference section */
		0C8511012A0156BF0025F92F /* LoginView.swift */ = {isa = PBXFileReference; lastKnownFileType = sourcecode.swift; path = LoginView.swift; sourceTree = "<group>"; };
		0C8511032A0156DF0025F92F /* LoginViewModel.swift */ = {isa = PBXFileReference; lastKnownFileType = sourcecode.swift; path = LoginViewModel.swift; sourceTree = "<group>"; };
		0C8511052A0156F20025F92F /* CustomButton.swift */ = {isa = PBXFileReference; lastKnownFileType = sourcecode.swift; path = CustomButton.swift; sourceTree = "<group>"; };
		0C8511072A01570E0025F92F /* PrimaryActionButton.swift */ = {isa = PBXFileReference; lastKnownFileType = sourcecode.swift; path = PrimaryActionButton.swift; sourceTree = "<group>"; };
		0C8511092A01572B0025F92F /* ImageAssets.swift */ = {isa = PBXFileReference; lastKnownFileType = sourcecode.swift; path = ImageAssets.swift; sourceTree = "<group>"; };
		0C85110B2A01573B0025F92F /* Color+Extensions.swift */ = {isa = PBXFileReference; lastKnownFileType = sourcecode.swift; path = "Color+Extensions.swift"; sourceTree = "<group>"; };
		0C85110D2A0159430025F92F /* LoginTests.swift */ = {isa = PBXFileReference; lastKnownFileType = sourcecode.swift; path = LoginTests.swift; sourceTree = "<group>"; };
		0C85110F2A0161630025F92F /* ComicsListView.swift */ = {isa = PBXFileReference; lastKnownFileType = sourcecode.swift; path = ComicsListView.swift; sourceTree = "<group>"; };
		0C8511132A0161A90025F92F /* ComicsListViewModel.swift */ = {isa = PBXFileReference; lastKnownFileType = sourcecode.swift; path = ComicsListViewModel.swift; sourceTree = "<group>"; };
		0C8511152A0185920025F92F /* Comic.swift */ = {isa = PBXFileReference; lastKnownFileType = sourcecode.swift; path = Comic.swift; sourceTree = "<group>"; };
		0CB6B59B2A014F1D0079C6B9 /* MarvelAPI.app */ = {isa = PBXFileReference; explicitFileType = wrapper.application; includeInIndex = 0; path = MarvelAPI.app; sourceTree = BUILT_PRODUCTS_DIR; };
		0CB6B5A22A014F1F0079C6B9 /* Assets.xcassets */ = {isa = PBXFileReference; lastKnownFileType = folder.assetcatalog; path = Assets.xcassets; sourceTree = "<group>"; };
		0CB6B5A52A014F1F0079C6B9 /* Preview Assets.xcassets */ = {isa = PBXFileReference; lastKnownFileType = folder.assetcatalog; path = "Preview Assets.xcassets"; sourceTree = "<group>"; };
		0CB6B5AB2A014F1F0079C6B9 /* MarvelAPITests.xctest */ = {isa = PBXFileReference; explicitFileType = wrapper.cfbundle; includeInIndex = 0; path = MarvelAPITests.xctest; sourceTree = BUILT_PRODUCTS_DIR; };
		0CB6B5B52A014F1F0079C6B9 /* MarvelAPIUITests.xctest */ = {isa = PBXFileReference; explicitFileType = wrapper.cfbundle; includeInIndex = 0; path = MarvelAPIUITests.xctest; sourceTree = BUILT_PRODUCTS_DIR; };
		0CB6B5B92A014F1F0079C6B9 /* MarvelAPIUITests.swift */ = {isa = PBXFileReference; lastKnownFileType = sourcecode.swift; path = MarvelAPIUITests.swift; sourceTree = "<group>"; };
		0CB6B5BB2A014F1F0079C6B9 /* MarvelAPIUITestsLaunchTests.swift */ = {isa = PBXFileReference; lastKnownFileType = sourcecode.swift; path = MarvelAPIUITestsLaunchTests.swift; sourceTree = "<group>"; };
		0CB6B5C82A014FF30079C6B9 /* SceneDelegate.swift */ = {isa = PBXFileReference; lastKnownFileType = sourcecode.swift; path = SceneDelegate.swift; sourceTree = "<group>"; };
		174DCE22DF93F67BDB77D539 /* Pods-MarvelAPITests.debug.xcconfig */ = {isa = PBXFileReference; includeInIndex = 1; lastKnownFileType = text.xcconfig; name = "Pods-MarvelAPITests.debug.xcconfig"; path = "Target Support Files/Pods-MarvelAPITests/Pods-MarvelAPITests.debug.xcconfig"; sourceTree = "<group>"; };
		409B3BA20C221095658D8D11 /* Pods-MarvelAPITests.release.xcconfig */ = {isa = PBXFileReference; includeInIndex = 1; lastKnownFileType = text.xcconfig; name = "Pods-MarvelAPITests.release.xcconfig"; path = "Target Support Files/Pods-MarvelAPITests/Pods-MarvelAPITests.release.xcconfig"; sourceTree = "<group>"; };
		554CB5FB81ACD12BE04AAF44 /* Pods-MarvelAPI.release.xcconfig */ = {isa = PBXFileReference; includeInIndex = 1; lastKnownFileType = text.xcconfig; name = "Pods-MarvelAPI.release.xcconfig"; path = "Target Support Files/Pods-MarvelAPI/Pods-MarvelAPI.release.xcconfig"; sourceTree = "<group>"; };
		9855BD78FF2E1C674A2FFFA4 /* Pods_MarvelAPI.framework */ = {isa = PBXFileReference; explicitFileType = wrapper.framework; includeInIndex = 0; path = Pods_MarvelAPI.framework; sourceTree = BUILT_PRODUCTS_DIR; };
		986884FB8F86153E5C21F735 /* Pods-MarvelAPI-MarvelAPIUITests.debug.xcconfig */ = {isa = PBXFileReference; includeInIndex = 1; lastKnownFileType = text.xcconfig; name = "Pods-MarvelAPI-MarvelAPIUITests.debug.xcconfig"; path = "Target Support Files/Pods-MarvelAPI-MarvelAPIUITests/Pods-MarvelAPI-MarvelAPIUITests.debug.xcconfig"; sourceTree = "<group>"; };
		AFFD9057A96EFD25AF5401AE /* Pods-MarvelAPI.debug.xcconfig */ = {isa = PBXFileReference; includeInIndex = 1; lastKnownFileType = text.xcconfig; name = "Pods-MarvelAPI.debug.xcconfig"; path = "Target Support Files/Pods-MarvelAPI/Pods-MarvelAPI.debug.xcconfig"; sourceTree = "<group>"; };
		C782117D1B0FF844AA000189 /* Pods-MarvelAPI-MarvelAPIUITests.release.xcconfig */ = {isa = PBXFileReference; includeInIndex = 1; lastKnownFileType = text.xcconfig; name = "Pods-MarvelAPI-MarvelAPIUITests.release.xcconfig"; path = "Target Support Files/Pods-MarvelAPI-MarvelAPIUITests/Pods-MarvelAPI-MarvelAPIUITests.release.xcconfig"; sourceTree = "<group>"; };
		CDE3F3180BF4FEF0309A393F /* Pods_MarvelAPITests.framework */ = {isa = PBXFileReference; explicitFileType = wrapper.framework; includeInIndex = 0; path = Pods_MarvelAPITests.framework; sourceTree = BUILT_PRODUCTS_DIR; };
		EE7FEB05204DF87F7C46C343 /* Pods_MarvelAPI_MarvelAPIUITests.framework */ = {isa = PBXFileReference; explicitFileType = wrapper.framework; includeInIndex = 0; path = Pods_MarvelAPI_MarvelAPIUITests.framework; sourceTree = BUILT_PRODUCTS_DIR; };
/* End PBXFileReference section */

/* Begin PBXFrameworksBuildPhase section */
		0CB6B5982A014F1D0079C6B9 /* Frameworks */ = {
			isa = PBXFrameworksBuildPhase;
			buildActionMask = 2147483647;
			files = (
				D3C8B731CAAE63B63EC4AB4B /* Pods_MarvelAPI.framework in Frameworks */,
			);
			runOnlyForDeploymentPostprocessing = 0;
		};
		0CB6B5A82A014F1F0079C6B9 /* Frameworks */ = {
			isa = PBXFrameworksBuildPhase;
			buildActionMask = 2147483647;
			files = (
				F587DC29630909775975C3FD /* Pods_MarvelAPITests.framework in Frameworks */,
			);
			runOnlyForDeploymentPostprocessing = 0;
		};
		0CB6B5B22A014F1F0079C6B9 /* Frameworks */ = {
			isa = PBXFrameworksBuildPhase;
			buildActionMask = 2147483647;
			files = (
				FB0F7FE1935F2566920F8283 /* Pods_MarvelAPI_MarvelAPIUITests.framework in Frameworks */,
			);
			runOnlyForDeploymentPostprocessing = 0;
		};
/* End PBXFrameworksBuildPhase section */

/* Begin PBXGroup section */
		0C8510FF2A0156A30025F92F /* Login */ = {
			isa = PBXGroup;
			children = (
				0C8511012A0156BF0025F92F /* LoginView.swift */,
				0C8511032A0156DF0025F92F /* LoginViewModel.swift */,
				0C8511052A0156F20025F92F /* CustomButton.swift */,
				0C8511072A01570E0025F92F /* PrimaryActionButton.swift */,
			);
			path = Login;
			sourceTree = "<group>";
		};
		0C8511002A0156B00025F92F /* CustomViews */ = {
			isa = PBXGroup;
			children = (
				0C8511092A01572B0025F92F /* ImageAssets.swift */,
				0C85110B2A01573B0025F92F /* Color+Extensions.swift */,
			);
			path = CustomViews;
			sourceTree = "<group>";
		};
		0C8511112A01616F0025F92F /* Comics */ = {
			isa = PBXGroup;
			children = (
				0C85110F2A0161630025F92F /* ComicsListView.swift */,
				0C8511132A0161A90025F92F /* ComicsListViewModel.swift */,
				0C8511152A0185920025F92F /* Comic.swift */,
			);
			path = Comics;
			sourceTree = "<group>";
		};
		0CB6B5922A014F1D0079C6B9 = {
			isa = PBXGroup;
			children = (
				0CB6B59D2A014F1D0079C6B9 /* MarvelAPI */,
				0CB6B5AE2A014F1F0079C6B9 /* MarvelAPITests */,
				0CB6B5B82A014F1F0079C6B9 /* MarvelAPIUITests */,
				0CB6B59C2A014F1D0079C6B9 /* Products */,
				76D482BF5A40676C9DF05DD7 /* Pods */,
				B5B905599E08F4E46EDDF927 /* Frameworks */,
			);
			sourceTree = "<group>";
		};
		0CB6B59C2A014F1D0079C6B9 /* Products */ = {
			isa = PBXGroup;
			children = (
				0CB6B59B2A014F1D0079C6B9 /* MarvelAPI.app */,
				0CB6B5AB2A014F1F0079C6B9 /* MarvelAPITests.xctest */,
				0CB6B5B52A014F1F0079C6B9 /* MarvelAPIUITests.xctest */,
			);
			name = Products;
			sourceTree = "<group>";
		};
		0CB6B59D2A014F1D0079C6B9 /* MarvelAPI */ = {
			isa = PBXGroup;
			children = (
				0C8511112A01616F0025F92F /* Comics */,
				0C8511002A0156B00025F92F /* CustomViews */,
				0C8510FF2A0156A30025F92F /* Login */,
				0CB6B5A22A014F1F0079C6B9 /* Assets.xcassets */,
				0CB6B5A42A014F1F0079C6B9 /* Preview Content */,
				0CB6B5C82A014FF30079C6B9 /* SceneDelegate.swift */,
			);
			path = MarvelAPI;
			sourceTree = "<group>";
		};
		0CB6B5A42A014F1F0079C6B9 /* Preview Content */ = {
			isa = PBXGroup;
			children = (
				0CB6B5A52A014F1F0079C6B9 /* Preview Assets.xcassets */,
			);
			path = "Preview Content";
			sourceTree = "<group>";
		};
		0CB6B5AE2A014F1F0079C6B9 /* MarvelAPITests */ = {
			isa = PBXGroup;
			children = (
				0C85110D2A0159430025F92F /* LoginTests.swift */,
			);
			path = MarvelAPITests;
			sourceTree = "<group>";
		};
		0CB6B5B82A014F1F0079C6B9 /* MarvelAPIUITests */ = {
			isa = PBXGroup;
			children = (
				0CB6B5B92A014F1F0079C6B9 /* MarvelAPIUITests.swift */,
				0CB6B5BB2A014F1F0079C6B9 /* MarvelAPIUITestsLaunchTests.swift */,
			);
			path = MarvelAPIUITests;
			sourceTree = "<group>";
		};
		76D482BF5A40676C9DF05DD7 /* Pods */ = {
			isa = PBXGroup;
			children = (
				AFFD9057A96EFD25AF5401AE /* Pods-MarvelAPI.debug.xcconfig */,
				554CB5FB81ACD12BE04AAF44 /* Pods-MarvelAPI.release.xcconfig */,
				986884FB8F86153E5C21F735 /* Pods-MarvelAPI-MarvelAPIUITests.debug.xcconfig */,
				C782117D1B0FF844AA000189 /* Pods-MarvelAPI-MarvelAPIUITests.release.xcconfig */,
				174DCE22DF93F67BDB77D539 /* Pods-MarvelAPITests.debug.xcconfig */,
				409B3BA20C221095658D8D11 /* Pods-MarvelAPITests.release.xcconfig */,
			);
			path = Pods;
			sourceTree = "<group>";
		};
		B5B905599E08F4E46EDDF927 /* Frameworks */ = {
			isa = PBXGroup;
			children = (
				9855BD78FF2E1C674A2FFFA4 /* Pods_MarvelAPI.framework */,
				EE7FEB05204DF87F7C46C343 /* Pods_MarvelAPI_MarvelAPIUITests.framework */,
				CDE3F3180BF4FEF0309A393F /* Pods_MarvelAPITests.framework */,
			);
			name = Frameworks;
			sourceTree = "<group>";
		};
/* End PBXGroup section */

/* Begin PBXNativeTarget section */
		0CB6B59A2A014F1D0079C6B9 /* MarvelAPI */ = {
			isa = PBXNativeTarget;
			buildConfigurationList = 0CB6B5BF2A014F1F0079C6B9 /* Build configuration list for PBXNativeTarget "MarvelAPI" */;
			buildPhases = (
				E39BA9A70DFA5F8CB456FD16 /* [CP] Check Pods Manifest.lock */,
				0CB6B5972A014F1D0079C6B9 /* Sources */,
				0CB6B5982A014F1D0079C6B9 /* Frameworks */,
				0CB6B5992A014F1D0079C6B9 /* Resources */,
				937EC70E9210B7267E0B9819 /* [CP] Embed Pods Frameworks */,
				0C8511172A0186720025F92F /* ShellScript */,
			);
			buildRules = (
			);
			dependencies = (
			);
			name = MarvelAPI;
			productName = MarvelAPI;
			productReference = 0CB6B59B2A014F1D0079C6B9 /* MarvelAPI.app */;
			productType = "com.apple.product-type.application";
		};
		0CB6B5AA2A014F1F0079C6B9 /* MarvelAPITests */ = {
			isa = PBXNativeTarget;
			buildConfigurationList = 0CB6B5C22A014F1F0079C6B9 /* Build configuration list for PBXNativeTarget "MarvelAPITests" */;
			buildPhases = (
				C284B80678DA995A546D2B22 /* [CP] Check Pods Manifest.lock */,
				0CB6B5A72A014F1F0079C6B9 /* Sources */,
				0CB6B5A82A014F1F0079C6B9 /* Frameworks */,
				0CB6B5A92A014F1F0079C6B9 /* Resources */,
				BA36343F02192A9D0560FC0E /* [CP] Embed Pods Frameworks */,
			);
			buildRules = (
			);
			dependencies = (
				0CB6B5AD2A014F1F0079C6B9 /* PBXTargetDependency */,
			);
			name = MarvelAPITests;
			productName = MarvelAPITests;
			productReference = 0CB6B5AB2A014F1F0079C6B9 /* MarvelAPITests.xctest */;
			productType = "com.apple.product-type.bundle.unit-test";
		};
		0CB6B5B42A014F1F0079C6B9 /* MarvelAPIUITests */ = {
			isa = PBXNativeTarget;
			buildConfigurationList = 0CB6B5C52A014F1F0079C6B9 /* Build configuration list for PBXNativeTarget "MarvelAPIUITests" */;
			buildPhases = (
				2C3F8B907A883E42903F5285 /* [CP] Check Pods Manifest.lock */,
				0CB6B5B12A014F1F0079C6B9 /* Sources */,
				0CB6B5B22A014F1F0079C6B9 /* Frameworks */,
				0CB6B5B32A014F1F0079C6B9 /* Resources */,
				A8036E24D4FD9FD1D0088743 /* [CP] Embed Pods Frameworks */,
			);
			buildRules = (
			);
			dependencies = (
				0CB6B5B72A014F1F0079C6B9 /* PBXTargetDependency */,
			);
			name = MarvelAPIUITests;
			productName = MarvelAPIUITests;
			productReference = 0CB6B5B52A014F1F0079C6B9 /* MarvelAPIUITests.xctest */;
			productType = "com.apple.product-type.bundle.ui-testing";
		};
/* End PBXNativeTarget section */

/* Begin PBXProject section */
		0CB6B5932A014F1D0079C6B9 /* Project object */ = {
			isa = PBXProject;
			attributes = {
				BuildIndependentTargetsInParallel = 1;
				LastSwiftUpdateCheck = 1430;
				LastUpgradeCheck = 1430;
				TargetAttributes = {
					0CB6B59A2A014F1D0079C6B9 = {
						CreatedOnToolsVersion = 14.3;
					};
					0CB6B5AA2A014F1F0079C6B9 = {
						CreatedOnToolsVersion = 14.3;
						TestTargetID = 0CB6B59A2A014F1D0079C6B9;
					};
					0CB6B5B42A014F1F0079C6B9 = {
						CreatedOnToolsVersion = 14.3;
						TestTargetID = 0CB6B59A2A014F1D0079C6B9;
					};
				};
			};
			buildConfigurationList = 0CB6B5962A014F1D0079C6B9 /* Build configuration list for PBXProject "MarvelAPI" */;
			compatibilityVersion = "Xcode 13.0";
			developmentRegion = en;
			hasScannedForEncodings = 0;
			knownRegions = (
				en,
				Base,
			);
			mainGroup = 0CB6B5922A014F1D0079C6B9;
			productRefGroup = 0CB6B59C2A014F1D0079C6B9 /* Products */;
			projectDirPath = "";
			projectRoot = "";
			targets = (
				0CB6B59A2A014F1D0079C6B9 /* MarvelAPI */,
				0CB6B5AA2A014F1F0079C6B9 /* MarvelAPITests */,
				0CB6B5B42A014F1F0079C6B9 /* MarvelAPIUITests */,
			);
		};
/* End PBXProject section */

/* Begin PBXResourcesBuildPhase section */
		0CB6B5992A014F1D0079C6B9 /* Resources */ = {
			isa = PBXResourcesBuildPhase;
			buildActionMask = 2147483647;
			files = (
				0CB6B5A62A014F1F0079C6B9 /* Preview Assets.xcassets in Resources */,
				0CB6B5A32A014F1F0079C6B9 /* Assets.xcassets in Resources */,
			);
			runOnlyForDeploymentPostprocessing = 0;
		};
		0CB6B5A92A014F1F0079C6B9 /* Resources */ = {
			isa = PBXResourcesBuildPhase;
			buildActionMask = 2147483647;
			files = (
			);
			runOnlyForDeploymentPostprocessing = 0;
		};
		0CB6B5B32A014F1F0079C6B9 /* Resources */ = {
			isa = PBXResourcesBuildPhase;
			buildActionMask = 2147483647;
			files = (
			);
			runOnlyForDeploymentPostprocessing = 0;
		};
/* End PBXResourcesBuildPhase section */

/* Begin PBXShellScriptBuildPhase section */
		0C8511172A0186720025F92F /* ShellScript */ = {
			isa = PBXShellScriptBuildPhase;
			alwaysOutOfDate = 1;
			buildActionMask = 2147483647;
			files = (
			);
			inputFileListPaths = (
			);
			inputPaths = (
			);
			outputFileListPaths = (
			);
			outputPaths = (
			);
			runOnlyForDeploymentPostprocessing = 0;
			shellPath = /bin/sh;
			shellScript = "${PODS_ROOT}/SwiftLint/swiftlint\n";
		};
		2C3F8B907A883E42903F5285 /* [CP] Check Pods Manifest.lock */ = {
			isa = PBXShellScriptBuildPhase;
			buildActionMask = 2147483647;
			files = (
			);
			inputFileListPaths = (
			);
			inputPaths = (
				"${PODS_PODFILE_DIR_PATH}/Podfile.lock",
				"${PODS_ROOT}/Manifest.lock",
			);
			name = "[CP] Check Pods Manifest.lock";
			outputFileListPaths = (
			);
			outputPaths = (
				"$(DERIVED_FILE_DIR)/Pods-MarvelAPI-MarvelAPIUITests-checkManifestLockResult.txt",
			);
			runOnlyForDeploymentPostprocessing = 0;
			shellPath = /bin/sh;
			shellScript = "diff \"${PODS_PODFILE_DIR_PATH}/Podfile.lock\" \"${PODS_ROOT}/Manifest.lock\" > /dev/null\nif [ $? != 0 ] ; then\n    # print error to STDERR\n    echo \"error: The sandbox is not in sync with the Podfile.lock. Run 'pod install' or update your CocoaPods installation.\" >&2\n    exit 1\nfi\n# This output is used by Xcode 'outputs' to avoid re-running this script phase.\necho \"SUCCESS\" > \"${SCRIPT_OUTPUT_FILE_0}\"\n";
			showEnvVarsInLog = 0;
		};
		937EC70E9210B7267E0B9819 /* [CP] Embed Pods Frameworks */ = {
			isa = PBXShellScriptBuildPhase;
			buildActionMask = 2147483647;
			files = (
			);
			inputFileListPaths = (
				"${PODS_ROOT}/Target Support Files/Pods-MarvelAPI/Pods-MarvelAPI-frameworks-${CONFIGURATION}-input-files.xcfilelist",
			);
			name = "[CP] Embed Pods Frameworks";
			outputFileListPaths = (
				"${PODS_ROOT}/Target Support Files/Pods-MarvelAPI/Pods-MarvelAPI-frameworks-${CONFIGURATION}-output-files.xcfilelist",
			);
			runOnlyForDeploymentPostprocessing = 0;
			shellPath = /bin/sh;
			shellScript = "\"${PODS_ROOT}/Target Support Files/Pods-MarvelAPI/Pods-MarvelAPI-frameworks.sh\"\n";
			showEnvVarsInLog = 0;
		};
		A8036E24D4FD9FD1D0088743 /* [CP] Embed Pods Frameworks */ = {
			isa = PBXShellScriptBuildPhase;
			buildActionMask = 2147483647;
			files = (
			);
			inputFileListPaths = (
				"${PODS_ROOT}/Target Support Files/Pods-MarvelAPI-MarvelAPIUITests/Pods-MarvelAPI-MarvelAPIUITests-frameworks-${CONFIGURATION}-input-files.xcfilelist",
			);
			name = "[CP] Embed Pods Frameworks";
			outputFileListPaths = (
				"${PODS_ROOT}/Target Support Files/Pods-MarvelAPI-MarvelAPIUITests/Pods-MarvelAPI-MarvelAPIUITests-frameworks-${CONFIGURATION}-output-files.xcfilelist",
			);
			runOnlyForDeploymentPostprocessing = 0;
			shellPath = /bin/sh;
			shellScript = "\"${PODS_ROOT}/Target Support Files/Pods-MarvelAPI-MarvelAPIUITests/Pods-MarvelAPI-MarvelAPIUITests-frameworks.sh\"\n";
			showEnvVarsInLog = 0;
		};
		BA36343F02192A9D0560FC0E /* [CP] Embed Pods Frameworks */ = {
			isa = PBXShellScriptBuildPhase;
			buildActionMask = 2147483647;
			files = (
			);
			inputFileListPaths = (
				"${PODS_ROOT}/Target Support Files/Pods-MarvelAPITests/Pods-MarvelAPITests-frameworks-${CONFIGURATION}-input-files.xcfilelist",
			);
			name = "[CP] Embed Pods Frameworks";
			outputFileListPaths = (
				"${PODS_ROOT}/Target Support Files/Pods-MarvelAPITests/Pods-MarvelAPITests-frameworks-${CONFIGURATION}-output-files.xcfilelist",
			);
			runOnlyForDeploymentPostprocessing = 0;
			shellPath = /bin/sh;
			shellScript = "\"${PODS_ROOT}/Target Support Files/Pods-MarvelAPITests/Pods-MarvelAPITests-frameworks.sh\"\n";
			showEnvVarsInLog = 0;
		};
		C284B80678DA995A546D2B22 /* [CP] Check Pods Manifest.lock */ = {
			isa = PBXShellScriptBuildPhase;
			buildActionMask = 2147483647;
			files = (
			);
			inputFileListPaths = (
			);
			inputPaths = (
				"${PODS_PODFILE_DIR_PATH}/Podfile.lock",
				"${PODS_ROOT}/Manifest.lock",
			);
			name = "[CP] Check Pods Manifest.lock";
			outputFileListPaths = (
			);
			outputPaths = (
				"$(DERIVED_FILE_DIR)/Pods-MarvelAPITests-checkManifestLockResult.txt",
			);
			runOnlyForDeploymentPostprocessing = 0;
			shellPath = /bin/sh;
			shellScript = "diff \"${PODS_PODFILE_DIR_PATH}/Podfile.lock\" \"${PODS_ROOT}/Manifest.lock\" > /dev/null\nif [ $? != 0 ] ; then\n    # print error to STDERR\n    echo \"error: The sandbox is not in sync with the Podfile.lock. Run 'pod install' or update your CocoaPods installation.\" >&2\n    exit 1\nfi\n# This output is used by Xcode 'outputs' to avoid re-running this script phase.\necho \"SUCCESS\" > \"${SCRIPT_OUTPUT_FILE_0}\"\n";
			showEnvVarsInLog = 0;
		};
		E39BA9A70DFA5F8CB456FD16 /* [CP] Check Pods Manifest.lock */ = {
			isa = PBXShellScriptBuildPhase;
			buildActionMask = 2147483647;
			files = (
			);
			inputFileListPaths = (
			);
			inputPaths = (
				"${PODS_PODFILE_DIR_PATH}/Podfile.lock",
				"${PODS_ROOT}/Manifest.lock",
			);
			name = "[CP] Check Pods Manifest.lock";
			outputFileListPaths = (
			);
			outputPaths = (
				"$(DERIVED_FILE_DIR)/Pods-MarvelAPI-checkManifestLockResult.txt",
			);
			runOnlyForDeploymentPostprocessing = 0;
			shellPath = /bin/sh;
			shellScript = "diff \"${PODS_PODFILE_DIR_PATH}/Podfile.lock\" \"${PODS_ROOT}/Manifest.lock\" > /dev/null\nif [ $? != 0 ] ; then\n    # print error to STDERR\n    echo \"error: The sandbox is not in sync with the Podfile.lock. Run 'pod install' or update your CocoaPods installation.\" >&2\n    exit 1\nfi\n# This output is used by Xcode 'outputs' to avoid re-running this script phase.\necho \"SUCCESS\" > \"${SCRIPT_OUTPUT_FILE_0}\"\n";
			showEnvVarsInLog = 0;
		};
/* End PBXShellScriptBuildPhase section */

/* Begin PBXSourcesBuildPhase section */
		0CB6B5972A014F1D0079C6B9 /* Sources */ = {
			isa = PBXSourcesBuildPhase;
			buildActionMask = 2147483647;
			files = (
				0C8511042A0156DF0025F92F /* LoginViewModel.swift in Sources */,
				0C8511022A0156BF0025F92F /* LoginView.swift in Sources */,
				0C8511142A0161A90025F92F /* ComicsListViewModel.swift in Sources */,
				0C85110C2A01573B0025F92F /* Color+Extensions.swift in Sources */,
				0CB6B5C92A014FF30079C6B9 /* SceneDelegate.swift in Sources */,
				0C8511102A0161630025F92F /* ComicsListView.swift in Sources */,
				0C8511082A01570E0025F92F /* PrimaryActionButton.swift in Sources */,
				0C8511162A0185920025F92F /* Comic.swift in Sources */,
				0C85110A2A01572B0025F92F /* ImageAssets.swift in Sources */,
				0C8511062A0156F20025F92F /* CustomButton.swift in Sources */,
			);
			runOnlyForDeploymentPostprocessing = 0;
		};
		0CB6B5A72A014F1F0079C6B9 /* Sources */ = {
			isa = PBXSourcesBuildPhase;
			buildActionMask = 2147483647;
			files = (
				0C85110E2A0159430025F92F /* LoginTests.swift in Sources */,
			);
			runOnlyForDeploymentPostprocessing = 0;
		};
		0CB6B5B12A014F1F0079C6B9 /* Sources */ = {
			isa = PBXSourcesBuildPhase;
			buildActionMask = 2147483647;
			files = (
				0CB6B5BC2A014F1F0079C6B9 /* MarvelAPIUITestsLaunchTests.swift in Sources */,
				0CB6B5BA2A014F1F0079C6B9 /* MarvelAPIUITests.swift in Sources */,
			);
			runOnlyForDeploymentPostprocessing = 0;
		};
/* End PBXSourcesBuildPhase section */

/* Begin PBXTargetDependency section */
		0CB6B5AD2A014F1F0079C6B9 /* PBXTargetDependency */ = {
			isa = PBXTargetDependency;
			target = 0CB6B59A2A014F1D0079C6B9 /* MarvelAPI */;
			targetProxy = 0CB6B5AC2A014F1F0079C6B9 /* PBXContainerItemProxy */;
		};
		0CB6B5B72A014F1F0079C6B9 /* PBXTargetDependency */ = {
			isa = PBXTargetDependency;
			target = 0CB6B59A2A014F1D0079C6B9 /* MarvelAPI */;
			targetProxy = 0CB6B5B62A014F1F0079C6B9 /* PBXContainerItemProxy */;
		};
/* End PBXTargetDependency section */

/* Begin XCBuildConfiguration section */
		0CB6B5BD2A014F1F0079C6B9 /* Debug */ = {
			isa = XCBuildConfiguration;
			buildSettings = {
				ALWAYS_SEARCH_USER_PATHS = NO;
				CLANG_ANALYZER_NONNULL = YES;
				CLANG_ANALYZER_NUMBER_OBJECT_CONVERSION = YES_AGGRESSIVE;
				CLANG_CXX_LANGUAGE_STANDARD = "gnu++20";
				CLANG_ENABLE_MODULES = YES;
				CLANG_ENABLE_OBJC_ARC = YES;
				CLANG_ENABLE_OBJC_WEAK = YES;
				CLANG_WARN_BLOCK_CAPTURE_AUTORELEASING = YES;
				CLANG_WARN_BOOL_CONVERSION = YES;
				CLANG_WARN_COMMA = YES;
				CLANG_WARN_CONSTANT_CONVERSION = YES;
				CLANG_WARN_DEPRECATED_OBJC_IMPLEMENTATIONS = YES;
				CLANG_WARN_DIRECT_OBJC_ISA_USAGE = YES_ERROR;
				CLANG_WARN_DOCUMENTATION_COMMENTS = YES;
				CLANG_WARN_EMPTY_BODY = YES;
				CLANG_WARN_ENUM_CONVERSION = YES;
				CLANG_WARN_INFINITE_RECURSION = YES;
				CLANG_WARN_INT_CONVERSION = YES;
				CLANG_WARN_NON_LITERAL_NULL_CONVERSION = YES;
				CLANG_WARN_OBJC_IMPLICIT_RETAIN_SELF = YES;
				CLANG_WARN_OBJC_LITERAL_CONVERSION = YES;
				CLANG_WARN_OBJC_ROOT_CLASS = YES_ERROR;
				CLANG_WARN_QUOTED_INCLUDE_IN_FRAMEWORK_HEADER = YES;
				CLANG_WARN_RANGE_LOOP_ANALYSIS = YES;
				CLANG_WARN_STRICT_PROTOTYPES = YES;
				CLANG_WARN_SUSPICIOUS_MOVE = YES;
				CLANG_WARN_UNGUARDED_AVAILABILITY = YES_AGGRESSIVE;
				CLANG_WARN_UNREACHABLE_CODE = YES;
				CLANG_WARN__DUPLICATE_METHOD_MATCH = YES;
				COPY_PHASE_STRIP = NO;
				DEBUG_INFORMATION_FORMAT = dwarf;
				ENABLE_STRICT_OBJC_MSGSEND = YES;
				ENABLE_TESTABILITY = YES;
				GCC_C_LANGUAGE_STANDARD = gnu11;
				GCC_DYNAMIC_NO_PIC = NO;
				GCC_NO_COMMON_BLOCKS = YES;
				GCC_OPTIMIZATION_LEVEL = 0;
				GCC_PREPROCESSOR_DEFINITIONS = (
					"DEBUG=1",
					"$(inherited)",
				);
				GCC_WARN_64_TO_32_BIT_CONVERSION = YES;
				GCC_WARN_ABOUT_RETURN_TYPE = YES_ERROR;
				GCC_WARN_UNDECLARED_SELECTOR = YES;
				GCC_WARN_UNINITIALIZED_AUTOS = YES_AGGRESSIVE;
				GCC_WARN_UNUSED_FUNCTION = YES;
				GCC_WARN_UNUSED_VARIABLE = YES;
				GENERATE_INFOPLIST_FILE = YES;
				IPHONEOS_DEPLOYMENT_TARGET = 13.0;
				MTL_ENABLE_DEBUG_INFO = INCLUDE_SOURCE;
				MTL_FAST_MATH = YES;
				ONLY_ACTIVE_ARCH = YES;
				SDKROOT = iphoneos;
				SWIFT_ACTIVE_COMPILATION_CONDITIONS = DEBUG;
				SWIFT_OPTIMIZATION_LEVEL = "-Onone";
			};
			name = Debug;
		};
		0CB6B5BE2A014F1F0079C6B9 /* Release */ = {
			isa = XCBuildConfiguration;
			buildSettings = {
				ALWAYS_SEARCH_USER_PATHS = NO;
				CLANG_ANALYZER_NONNULL = YES;
				CLANG_ANALYZER_NUMBER_OBJECT_CONVERSION = YES_AGGRESSIVE;
				CLANG_CXX_LANGUAGE_STANDARD = "gnu++20";
				CLANG_ENABLE_MODULES = YES;
				CLANG_ENABLE_OBJC_ARC = YES;
				CLANG_ENABLE_OBJC_WEAK = YES;
				CLANG_WARN_BLOCK_CAPTURE_AUTORELEASING = YES;
				CLANG_WARN_BOOL_CONVERSION = YES;
				CLANG_WARN_COMMA = YES;
				CLANG_WARN_CONSTANT_CONVERSION = YES;
				CLANG_WARN_DEPRECATED_OBJC_IMPLEMENTATIONS = YES;
				CLANG_WARN_DIRECT_OBJC_ISA_USAGE = YES_ERROR;
				CLANG_WARN_DOCUMENTATION_COMMENTS = YES;
				CLANG_WARN_EMPTY_BODY = YES;
				CLANG_WARN_ENUM_CONVERSION = YES;
				CLANG_WARN_INFINITE_RECURSION = YES;
				CLANG_WARN_INT_CONVERSION = YES;
				CLANG_WARN_NON_LITERAL_NULL_CONVERSION = YES;
				CLANG_WARN_OBJC_IMPLICIT_RETAIN_SELF = YES;
				CLANG_WARN_OBJC_LITERAL_CONVERSION = YES;
				CLANG_WARN_OBJC_ROOT_CLASS = YES_ERROR;
				CLANG_WARN_QUOTED_INCLUDE_IN_FRAMEWORK_HEADER = YES;
				CLANG_WARN_RANGE_LOOP_ANALYSIS = YES;
				CLANG_WARN_STRICT_PROTOTYPES = YES;
				CLANG_WARN_SUSPICIOUS_MOVE = YES;
				CLANG_WARN_UNGUARDED_AVAILABILITY = YES_AGGRESSIVE;
				CLANG_WARN_UNREACHABLE_CODE = YES;
				CLANG_WARN__DUPLICATE_METHOD_MATCH = YES;
				COPY_PHASE_STRIP = NO;
				DEBUG_INFORMATION_FORMAT = "dwarf-with-dsym";
				ENABLE_NS_ASSERTIONS = NO;
				ENABLE_STRICT_OBJC_MSGSEND = YES;
				GCC_C_LANGUAGE_STANDARD = gnu11;
				GCC_NO_COMMON_BLOCKS = YES;
				GCC_WARN_64_TO_32_BIT_CONVERSION = YES;
				GCC_WARN_ABOUT_RETURN_TYPE = YES_ERROR;
				GCC_WARN_UNDECLARED_SELECTOR = YES;
				GCC_WARN_UNINITIALIZED_AUTOS = YES_AGGRESSIVE;
				GCC_WARN_UNUSED_FUNCTION = YES;
				GCC_WARN_UNUSED_VARIABLE = YES;
				GENERATE_INFOPLIST_FILE = YES;
				IPHONEOS_DEPLOYMENT_TARGET = 13.0;
				MTL_ENABLE_DEBUG_INFO = NO;
				MTL_FAST_MATH = YES;
				SDKROOT = iphoneos;
				SWIFT_COMPILATION_MODE = wholemodule;
				SWIFT_OPTIMIZATION_LEVEL = "-O";
				VALIDATE_PRODUCT = YES;
			};
			name = Release;
		};
		0CB6B5C02A014F1F0079C6B9 /* Debug */ = {
			isa = XCBuildConfiguration;
			baseConfigurationReference = AFFD9057A96EFD25AF5401AE /* Pods-MarvelAPI.debug.xcconfig */;
			buildSettings = {
				ASSETCATALOG_COMPILER_APPICON_NAME = AppIcon;
				ASSETCATALOG_COMPILER_GLOBAL_ACCENT_COLOR_NAME = AccentColor;
				CODE_SIGN_STYLE = Automatic;
				CURRENT_PROJECT_VERSION = 1;
				DEVELOPMENT_ASSET_PATHS = "\"MarvelAPI/Preview Content\"";
				DEVELOPMENT_TEAM = V5S8Q358PB;
				ENABLE_PREVIEWS = YES;
				GENERATE_INFOPLIST_FILE = YES;
				INFOPLIST_FILE = MarvelAPI/Info.plist;
				INFOPLIST_KEY_UIApplicationSupportsIndirectInputEvents = YES;
				INFOPLIST_KEY_UILaunchScreen_Generation = YES;
				INFOPLIST_KEY_UISupportedInterfaceOrientations_iPad = "UIInterfaceOrientationPortrait UIInterfaceOrientationPortraitUpsideDown UIInterfaceOrientationLandscapeLeft UIInterfaceOrientationLandscapeRight";
				INFOPLIST_KEY_UISupportedInterfaceOrientations_iPhone = "UIInterfaceOrientationPortrait UIInterfaceOrientationLandscapeLeft UIInterfaceOrientationLandscapeRight";
				IPHONEOS_DEPLOYMENT_TARGET = 13.0;
				LD_RUNPATH_SEARCH_PATHS = (
					"$(inherited)",
					"@executable_path/Frameworks",
				);
				MARKETING_VERSION = 1.0;
				PRODUCT_BUNDLE_IDENTIFIER = com.panta.MarvelAPI;
				PRODUCT_NAME = "$(TARGET_NAME)";
				SUPPORTED_PLATFORMS = "iphoneos iphonesimulator";
				SUPPORTS_MACCATALYST = NO;
				SUPPORTS_MAC_DESIGNED_FOR_IPHONE_IPAD = NO;
				SWIFT_EMIT_LOC_STRINGS = YES;
				SWIFT_VERSION = 5.0;
				TARGETED_DEVICE_FAMILY = 1;
			};
			name = Debug;
		};
		0CB6B5C12A014F1F0079C6B9 /* Release */ = {
			isa = XCBuildConfiguration;
			baseConfigurationReference = 554CB5FB81ACD12BE04AAF44 /* Pods-MarvelAPI.release.xcconfig */;
			buildSettings = {
				ASSETCATALOG_COMPILER_APPICON_NAME = AppIcon;
				ASSETCATALOG_COMPILER_GLOBAL_ACCENT_COLOR_NAME = AccentColor;
				CODE_SIGN_STYLE = Automatic;
				CURRENT_PROJECT_VERSION = 1;
				DEVELOPMENT_ASSET_PATHS = "\"MarvelAPI/Preview Content\"";
				DEVELOPMENT_TEAM = V5S8Q358PB;
				ENABLE_PREVIEWS = YES;
				GENERATE_INFOPLIST_FILE = YES;
				INFOPLIST_FILE = MarvelAPI/Info.plist;
				INFOPLIST_KEY_UIApplicationSupportsIndirectInputEvents = YES;
				INFOPLIST_KEY_UILaunchScreen_Generation = YES;
				INFOPLIST_KEY_UISupportedInterfaceOrientations_iPad = "UIInterfaceOrientationPortrait UIInterfaceOrientationPortraitUpsideDown UIInterfaceOrientationLandscapeLeft UIInterfaceOrientationLandscapeRight";
				INFOPLIST_KEY_UISupportedInterfaceOrientations_iPhone = "UIInterfaceOrientationPortrait UIInterfaceOrientationLandscapeLeft UIInterfaceOrientationLandscapeRight";
				IPHONEOS_DEPLOYMENT_TARGET = 13.0;
				LD_RUNPATH_SEARCH_PATHS = (
					"$(inherited)",
					"@executable_path/Frameworks",
				);
				MARKETING_VERSION = 1.0;
				PRODUCT_BUNDLE_IDENTIFIER = com.panta.MarvelAPI;
				PRODUCT_NAME = "$(TARGET_NAME)";
				SUPPORTED_PLATFORMS = "iphoneos iphonesimulator";
				SUPPORTS_MACCATALYST = NO;
				SUPPORTS_MAC_DESIGNED_FOR_IPHONE_IPAD = NO;
				SWIFT_EMIT_LOC_STRINGS = YES;
				SWIFT_VERSION = 5.0;
				TARGETED_DEVICE_FAMILY = 1;
			};
			name = Release;
		};
		0CB6B5C32A014F1F0079C6B9 /* Debug */ = {
			isa = XCBuildConfiguration;
			baseConfigurationReference = 174DCE22DF93F67BDB77D539 /* Pods-MarvelAPITests.debug.xcconfig */;
			buildSettings = {
				ALWAYS_EMBED_SWIFT_STANDARD_LIBRARIES = YES;
				BUNDLE_LOADER = "$(TEST_HOST)";
				CODE_SIGN_STYLE = Automatic;
				CURRENT_PROJECT_VERSION = 1;
				DEVELOPMENT_TEAM = V5S8Q358PB;
				GENERATE_INFOPLIST_FILE = YES;
				IPHONEOS_DEPLOYMENT_TARGET = 16.4;
				MARKETING_VERSION = 1.0;
				PRODUCT_BUNDLE_IDENTIFIER = com.panta.MarvelAPITests;
				PRODUCT_NAME = "$(TARGET_NAME)";
				SWIFT_EMIT_LOC_STRINGS = NO;
				SWIFT_VERSION = 5.0;
				TARGETED_DEVICE_FAMILY = "1,2";
				TEST_HOST = "$(BUILT_PRODUCTS_DIR)/MarvelAPI.app/$(BUNDLE_EXECUTABLE_FOLDER_PATH)/MarvelAPI";
			};
			name = Debug;
		};
		0CB6B5C42A014F1F0079C6B9 /* Release */ = {
			isa = XCBuildConfiguration;
			baseConfigurationReference = 409B3BA20C221095658D8D11 /* Pods-MarvelAPITests.release.xcconfig */;
			buildSettings = {
				ALWAYS_EMBED_SWIFT_STANDARD_LIBRARIES = YES;
				BUNDLE_LOADER = "$(TEST_HOST)";
				CODE_SIGN_STYLE = Automatic;
				CURRENT_PROJECT_VERSION = 1;
				DEVELOPMENT_TEAM = V5S8Q358PB;
				GENERATE_INFOPLIST_FILE = YES;
				IPHONEOS_DEPLOYMENT_TARGET = 16.4;
				MARKETING_VERSION = 1.0;
				PRODUCT_BUNDLE_IDENTIFIER = com.panta.MarvelAPITests;
				PRODUCT_NAME = "$(TARGET_NAME)";
				SWIFT_EMIT_LOC_STRINGS = NO;
				SWIFT_VERSION = 5.0;
				TARGETED_DEVICE_FAMILY = "1,2";
				TEST_HOST = "$(BUILT_PRODUCTS_DIR)/MarvelAPI.app/$(BUNDLE_EXECUTABLE_FOLDER_PATH)/MarvelAPI";
			};
			name = Release;
		};
		0CB6B5C62A014F1F0079C6B9 /* Debug */ = {
			isa = XCBuildConfiguration;
			baseConfigurationReference = 986884FB8F86153E5C21F735 /* Pods-MarvelAPI-MarvelAPIUITests.debug.xcconfig */;
			buildSettings = {
				ALWAYS_EMBED_SWIFT_STANDARD_LIBRARIES = YES;
				CODE_SIGN_STYLE = Automatic;
				CURRENT_PROJECT_VERSION = 1;
				DEVELOPMENT_TEAM = V5S8Q358PB;
				GENERATE_INFOPLIST_FILE = YES;
				MARKETING_VERSION = 1.0;
				PRODUCT_BUNDLE_IDENTIFIER = com.panta.MarvelAPIUITests;
				PRODUCT_NAME = "$(TARGET_NAME)";
				SWIFT_EMIT_LOC_STRINGS = NO;
				SWIFT_VERSION = 5.0;
				TARGETED_DEVICE_FAMILY = "1,2";
				TEST_TARGET_NAME = MarvelAPI;
			};
			name = Debug;
		};
		0CB6B5C72A014F1F0079C6B9 /* Release */ = {
			isa = XCBuildConfiguration;
			baseConfigurationReference = C782117D1B0FF844AA000189 /* Pods-MarvelAPI-MarvelAPIUITests.release.xcconfig */;
			buildSettings = {
				ALWAYS_EMBED_SWIFT_STANDARD_LIBRARIES = YES;
				CODE_SIGN_STYLE = Automatic;
				CURRENT_PROJECT_VERSION = 1;
				DEVELOPMENT_TEAM = V5S8Q358PB;
				GENERATE_INFOPLIST_FILE = YES;
				MARKETING_VERSION = 1.0;
				PRODUCT_BUNDLE_IDENTIFIER = com.panta.MarvelAPIUITests;
				PRODUCT_NAME = "$(TARGET_NAME)";
				SWIFT_EMIT_LOC_STRINGS = NO;
				SWIFT_VERSION = 5.0;
				TARGETED_DEVICE_FAMILY = "1,2";
				TEST_TARGET_NAME = MarvelAPI;
			};
			name = Release;
		};
/* End XCBuildConfiguration section */

/* Begin XCConfigurationList section */
		0CB6B5962A014F1D0079C6B9 /* Build configuration list for PBXProject "MarvelAPI" */ = {
			isa = XCConfigurationList;
			buildConfigurations = (
				0CB6B5BD2A014F1F0079C6B9 /* Debug */,
				0CB6B5BE2A014F1F0079C6B9 /* Release */,
			);
			defaultConfigurationIsVisible = 0;
			defaultConfigurationName = Release;
		};
		0CB6B5BF2A014F1F0079C6B9 /* Build configuration list for PBXNativeTarget "MarvelAPI" */ = {
			isa = XCConfigurationList;
			buildConfigurations = (
				0CB6B5C02A014F1F0079C6B9 /* Debug */,
				0CB6B5C12A014F1F0079C6B9 /* Release */,
			);
			defaultConfigurationIsVisible = 0;
			defaultConfigurationName = Release;
		};
		0CB6B5C22A014F1F0079C6B9 /* Build configuration list for PBXNativeTarget "MarvelAPITests" */ = {
			isa = XCConfigurationList;
			buildConfigurations = (
				0CB6B5C32A014F1F0079C6B9 /* Debug */,
				0CB6B5C42A014F1F0079C6B9 /* Release */,
			);
			defaultConfigurationIsVisible = 0;
			defaultConfigurationName = Release;
		};
		0CB6B5C52A014F1F0079C6B9 /* Build configuration list for PBXNativeTarget "MarvelAPIUITests" */ = {
			isa = XCConfigurationList;
			buildConfigurations = (
				0CB6B5C62A014F1F0079C6B9 /* Debug */,
				0CB6B5C72A014F1F0079C6B9 /* Release */,
			);
			defaultConfigurationIsVisible = 0;
			defaultConfigurationName = Release;
		};
/* End XCConfigurationList section */
	};
	rootObject = 0CB6B5932A014F1D0079C6B9 /* Project object */;
}
