{"projectHash":"b1164ebe862637b80e65e7ac21b665daccf5b276","productModuleName":"MarvelAPITests","mockedTypeNames":["\/Users\/leonardopantaleao\/Documents\/MarvelAPI\/MarvelAPITests\/LoginTests.swift",[],"\/Users\/leonardopantaleao\/Documents\/MarvelAPI\/MarvelAPITests\/ComicsListTests.swift",["MarvelAPIClientProtocol"]],"cliVersion":"0.20.0","sourceFilePaths":[{"path":"\/Users\/leonardopantaleao\/Documents\/MarvelAPI\/MarvelAPITests\/ComicsListTests.swift","hash":"6c469c41e294454607cf834947e29373d843c43a"},{"path":"\/Users\/leonardopantaleao\/Documents\/MarvelAPI\/MarvelAPITests\/LoginTests.swift","hash":"787a8f098b9c255d63fb12efd98789bb335bb9e5"},{"path":"\/Users\/leonardopantaleao\/Documents\/MarvelAPI\/MockingbirdMocks\/MarvelAPITests-MarvelAPIMocks.generated.swift","hash":"a50179e5067b0d044332fdadb72f59f245be7c89"}],"sourceRoot":"\/Users\/leonardopantaleao\/Documents\/MarvelAPI","dependencies":[],"name":"MarvelAPITests"}