{"cliVersion":"0.20.0","productModuleName":"MarvelAPI","sourceFilePaths":[{"path":"\/Users\/leonardopantaleao\/Documents\/MarvelAPI\/MarvelAPI\/Animations\/LottieView.swift","hash":"b8fdfa147745e78ddb65e3cf788124b379c5e539"},{"path":"\/Users\/leonardopantaleao\/Documents\/MarvelAPI\/MarvelAPI\/Comics\/Comic.swift","hash":"0836bec30b34ff37ecefeeb509665ba19184f9b1"},{"path":"\/Users\/leonardopantaleao\/Documents\/MarvelAPI\/MarvelAPI\/Comics\/ComicsListView.swift","hash":"846fbc0b6a8c9621f4b48631d41f7cdcf51ed375"},{"path":"\/Users\/leonardopantaleao\/Documents\/MarvelAPI\/MarvelAPI\/Comics\/ComicsListViewModel.swift","hash":"3dbdb33edc6b8205761a18fae72a4b40463f57ce"},{"path":"\/Users\/leonardopantaleao\/Documents\/MarvelAPI\/MarvelAPI\/Comics\/MarvelAPIClient.swift","hash":"5237defc15f0ced299bca109fa19ce8b44aa8073"},{"path":"\/Users\/leonardopantaleao\/Documents\/MarvelAPI\/MarvelAPI\/Comics\/MarvelAPIClientError.swift","hash":"c1f313eb57d3fbb90f9508ea3ac9f3a0a805d892"},{"path":"\/Users\/leonardopantaleao\/Documents\/MarvelAPI\/MarvelAPI\/Comics\/MarvelAPIClientTestDataMock.swift","hash":"295bcb9673a64302022ae8841cacbde005b82ce2"},{"path":"\/Users\/leonardopantaleao\/Documents\/MarvelAPI\/MarvelAPI\/CustomViews\/Color+Extensions.swift","hash":"7c7afc52b3fc02b612bc1cf8209cbf085329a9a2"},{"path":"\/Users\/leonardopantaleao\/Documents\/MarvelAPI\/MarvelAPI\/CustomViews\/ImageAssets.swift","hash":"c38060dd01aaeb4e6afd2a782c1447b8e19d6078"},{"path":"\/Users\/leonardopantaleao\/Documents\/MarvelAPI\/MarvelAPI\/Login\/CustomButton.swift","hash":"93a2a31535ccbc227921b0cb3f8907ea1f3f4653"},{"path":"\/Users\/leonardopantaleao\/Documents\/MarvelAPI\/MarvelAPI\/Login\/LoginView.swift","hash":"0d284212063cd43106864f84df362f1667b94617"},{"path":"\/Users\/leonardopantaleao\/Documents\/MarvelAPI\/MarvelAPI\/Login\/LoginViewModel.swift","hash":"2703ad9b4fad4ac499ff528537350a04ab63b619"},{"path":"\/Users\/leonardopantaleao\/Documents\/MarvelAPI\/MarvelAPI\/Login\/PrimaryActionButton.swift","hash":"6279c1013d65d742e83a8da272792cc05307c939"},{"path":"\/Users\/leonardopantaleao\/Documents\/MarvelAPI\/MarvelAPI\/SceneDelegate.swift","hash":"d6f1355e93fa17a8314b110e9c1476c80e1c13bd"}],"configHash":"d445ac48185b2dff4e33011c79ca7802a3a24990","dependencyPathsHash":"9495f6e5c743555807f186110aef6bf55122371a","targetPathsHash":"aec7ee3562092c0f0085f3af0f2991f16e406294","mockedTypesHash":"0a44fc2c0c4d1ad8fa3747b80db50a54f1d95310","outputHash":"d7ee89346a82540ddd03d56ec9cbbf6ba9b195ad","dependencies":[],"sourceRoot":"\/Users\/leonardopantaleao\/Documents\/MarvelAPI","supportingFilePaths":[{"path":"\/Users\/leonardopantaleao\/Documents\/MarvelAPI\/MockingbirdSupport\/AppKit\/NSResponder.swift","hash":"21296949c6d570892c8665a450e62c234c938790"},{"path":"\/Users\/leonardopantaleao\/Documents\/MarvelAPI\/MockingbirdSupport\/AppKit\/NSView.swift","hash":"85b3183be144012a7e105e292426c3d9f8966072"},{"path":"\/Users\/leonardopantaleao\/Documents\/MarvelAPI\/MockingbirdSupport\/AppKit\/NSViewController.swift","hash":"d8785e8a119f2723c8840534df0ad8ac61409797"},{"path":"\/Users\/leonardopantaleao\/Documents\/MarvelAPI\/MockingbirdSupport\/Foundation\/ObjectiveC\/NSObject.swift","hash":"cf466772b8c2d80d31f34b93b501b398fbb8854d"},{"path":"\/Users\/leonardopantaleao\/Documents\/MarvelAPI\/MockingbirdSupport\/Foundation\/ObjectiveC\/NSObject.swift","hash":"cf466772b8c2d80d31f34b93b501b398fbb8854d"},{"path":"\/Users\/leonardopantaleao\/Documents\/MarvelAPI\/MockingbirdSupport\/Swift\/Codable.swift","hash":"57675d8b36a2db7b093b3542bd3225a88992c3bc"},{"path":"\/Users\/leonardopantaleao\/Documents\/MarvelAPI\/MockingbirdSupport\/Swift\/Comparable.swift","hash":"d0d110744eeaf2f8fdd2f8a41df3452f35286bb7"},{"path":"\/Users\/leonardopantaleao\/Documents\/MarvelAPI\/MockingbirdSupport\/Swift\/Equatable.swift","hash":"2e7674f4e23a5ab7aef45b91b63c0ed5934c3b83"},{"path":"\/Users\/leonardopantaleao\/Documents\/MarvelAPI\/MockingbirdSupport\/Swift\/Hashable.swift","hash":"f59ec249aa03e312f2bda7c3b397c0dccd880a21"},{"path":"\/Users\/leonardopantaleao\/Documents\/MarvelAPI\/MockingbirdSupport\/Swift\/Misc.swift","hash":"fa80f885c6a4835c10ab007c56dd78a90a63590a"},{"path":"\/Users\/leonardopantaleao\/Documents\/MarvelAPI\/MockingbirdSupport\/UIKit\/UIControl.swift","hash":"9363a4c38002598dbbc1198f16fe7198b8151d24"},{"path":"\/Users\/leonardopantaleao\/Documents\/MarvelAPI\/MockingbirdSupport\/UIKit\/UILabel.swift","hash":"e26a734695bfe008598ed0d8c936683db78f40ac"},{"path":"\/Users\/leonardopantaleao\/Documents\/MarvelAPI\/MockingbirdSupport\/UIKit\/UIView.swift","hash":"10e6b03a9c5a76f720c17fcb82af82ff66994926"},{"path":"\/Users\/leonardopantaleao\/Documents\/MarvelAPI\/MockingbirdSupport\/UIKit\/UIViewController.swift","hash":"bbd8980a22029f339b0e8746124fd06d94730570"}],"name":"MarvelAPI","projectHash":"34a1fda121645df06f675465db780be7d12a88d1"}